
Microsoft Visual Studio Solution File, Format Version 12.00
# Visual Studio Version 16
VisualStudioVersion = 16.0.30002.166
MinimumVisualStudioVersion = 15.0.26124.0
Project("{2150E333-8FDC-42A3-9474-1A3956D46DE8}") = "Items", "Items", "{1180371F-043E-4BFE-A642-78EF98EEA58A}"
	ProjectSection(SolutionItems) = preProject
		.gitignore = .gitignore
		LICENSE = LICENSE
		README.md = README.md
	EndProjectSection
EndProject
Project("{FAE04EC0-301F-11D3-BF4B-00C04F79EFBC}") = "HprApi", "HprApi\HprApi.csproj", "{3FAF77AF-967B-4ED5-A6F2-EDE755C00E1A}"
EndProject
Project("{FAE04EC0-301F-11D3-BF4B-00C04F79EFBC}") = "HrpAbstractions", "HrpAbstractions\HrpAbstractions.csproj", "{A74B4957-49B9-440C-A03A-D81A4A59199A}"
EndProject
Project("{FAE04EC0-301F-11D3-BF4B-00C04F79EFBC}") = "SendGridServices", "SendGridServices\SendGridServices.csproj", "{7BEE3978-4D8F-4531-9C19-FEC7CCC38CCA}"
EndProject
Global
	GlobalSection(SolutionConfigurationPlatforms) = preSolution
		Debug|Any CPU = Debug|Any CPU
		Debug|x64 = Debug|x64
		Debug|x86 = Debug|x86
		Release|Any CPU = Release|Any CPU
		Release|x64 = Release|x64
		Release|x86 = Release|x86
	EndGlobalSection
	GlobalSection(ProjectConfigurationPlatforms) = postSolution
		{3FAF77AF-967B-4ED5-A6F2-EDE755C00E1A}.Debug|Any CPU.ActiveCfg = Debug|Any CPU
		{3FAF77AF-967B-4ED5-A6F2-EDE755C00E1A}.Debug|Any CPU.Build.0 = Debug|Any CPU
		{3FAF77AF-967B-4ED5-A6F2-EDE755C00E1A}.Debug|x64.ActiveCfg = Debug|Any CPU
		{3FAF77AF-967B-4ED5-A6F2-EDE755C00E1A}.Debug|x64.Build.0 = Debug|Any CPU
		{3FAF77AF-967B-4ED5-A6F2-EDE755C00E1A}.Debug|x86.ActiveCfg = Debug|Any CPU
		{3FAF77AF-967B-4ED5-A6F2-EDE755C00E1A}.Debug|x86.Build.0 = Debug|Any CPU
		{3FAF77AF-967B-4ED5-A6F2-EDE755C00E1A}.Release|Any CPU.ActiveCfg = Release|Any CPU
		{3FAF77AF-967B-4ED5-A6F2-EDE755C00E1A}.Release|Any CPU.Build.0 = Release|Any CPU
		{3FAF77AF-967B-4ED5-A6F2-EDE755C00E1A}.Release|x64.ActiveCfg = Release|Any CPU
		{3FAF77AF-967B-4ED5-A6F2-EDE755C00E1A}.Release|x64.Build.0 = Release|Any CPU
		{3FAF77AF-967B-4ED5-A6F2-EDE755C00E1A}.Release|x86.ActiveCfg = Release|Any CPU
		{3FAF77AF-967B-4ED5-A6F2-EDE755C00E1A}.Release|x86.Build.0 = Release|Any CPU
		{A74B4957-49B9-440C-A03A-D81A4A59199A}.Debug|Any CPU.ActiveCfg = Debug|Any CPU
		{A74B4957-49B9-440C-A03A-D81A4A59199A}.Debug|Any CPU.Build.0 = Debug|Any CPU
		{A74B4957-49B9-440C-A03A-D81A4A59199A}.Debug|x64.ActiveCfg = Debug|Any CPU
		{A74B4957-49B9-440C-A03A-D81A4A59199A}.Debug|x64.Build.0 = Debug|Any CPU
		{A74B4957-49B9-440C-A03A-D81A4A59199A}.Debug|x86.ActiveCfg = Debug|Any CPU
		{A74B4957-49B9-440C-A03A-D81A4A59199A}.Debug|x86.Build.0 = Debug|Any CPU
		{A74B4957-49B9-440C-A03A-D81A4A59199A}.Release|Any CPU.ActiveCfg = Release|Any CPU
		{A74B4957-49B9-440C-A03A-D81A4A59199A}.Release|Any CPU.Build.0 = Release|Any CPU
		{A74B4957-49B9-440C-A03A-D81A4A59199A}.Release|x64.ActiveCfg = Release|Any CPU
		{A74B4957-49B9-440C-A03A-D81A4A59199A}.Release|x64.Build.0 = Release|Any CPU
		{A74B4957-49B9-440C-A03A-D81A4A59199A}.Release|x86.ActiveCfg = Release|Any CPU
		{A74B4957-49B9-440C-A03A-D81A4A59199A}.Release|x86.Build.0 = Release|Any CPU
		{7BEE3978-4D8F-4531-9C19-FEC7CCC38CCA}.Debug|Any CPU.ActiveCfg = Debug|Any CPU
		{7BEE3978-4D8F-4531-9C19-FEC7CCC38CCA}.Debug|Any CPU.Build.0 = Debug|Any CPU
		{7BEE3978-4D8F-4531-9C19-FEC7CCC38CCA}.Debug|x64.ActiveCfg = Debug|Any CPU
		{7BEE3978-4D8F-4531-9C19-FEC7CCC38CCA}.Debug|x64.Build.0 = Debug|Any CPU
		{7BEE3978-4D8F-4531-9C19-FEC7CCC38CCA}.Debug|x86.ActiveCfg = Debug|Any CPU
		{7BEE3978-4D8F-4531-9C19-FEC7CCC38CCA}.Debug|x86.Build.0 = Debug|Any CPU
		{7BEE3978-4D8F-4531-9C19-FEC7CCC38CCA}.Release|Any CPU.ActiveCfg = Release|Any CPU
		{7BEE3978-4D8F-4531-9C19-FEC7CCC38CCA}.Release|Any CPU.Build.0 = Release|Any CPU
		{7BEE3978-4D8F-4531-9C19-FEC7CCC38CCA}.Release|x64.ActiveCfg = Release|Any CPU
		{7BEE3978-4D8F-4531-9C19-FEC7CCC38CCA}.Release|x64.Build.0 = Release|Any CPU
		{7BEE3978-4D8F-4531-9C19-FEC7CCC38CCA}.Release|x86.ActiveCfg = Release|Any CPU
		{7BEE3978-4D8F-4531-9C19-FEC7CCC38CCA}.Release|x86.Build.0 = Release|Any CPU
	EndGlobalSection
	GlobalSection(SolutionProperties) = preSolution
		HideSolutionNode = FALSE
	EndGlobalSection
	GlobalSection(ExtensibilityGlobals) = postSolution
		SolutionGuid = {E4396047-24D4-4C67-9C63-0FDC6081B4AF}
	EndGlobalSection
EndGlobal
