
Microsoft Visual Studio Solution File, Format Version 12.00
# Visual Studio Version 16
VisualStudioVersion = 16.0.30002.166
MinimumVisualStudioVersion = 15.0.26124.0
Project("{2150E333-8FDC-42A3-9474-1A3956D46DE8}") = "Items", "Items", "{1180371F-043E-4BFE-A642-78EF98EEA58A}"
	ProjectSection(SolutionItems) = preProject
		.gitignore = .gitignore
		LICENSE = LICENSE
		README.md = README.md
	EndProjectSection
EndProject
Project("{9A19103F-16F7-4668-BE54-9A1E7A4F7556}") = "HprApi", "HprApi\HprApi.csproj", "{3FAF77AF-967B-4ED5-A6F2-EDE755C00E1A}"
EndProject
Project("{9A19103F-16F7-4668-BE54-9A1E7A4F7556}") = "SendGridServices", "SendGridServices\SendGridServices.csproj", "{7BEE3978-4D8F-4531-9C19-FEC7CCC38CCA}"
EndProject
Project("{9A19103F-16F7-4668-BE54-9A1E7A4F7556}") = "HprAbstractions", "HprAbstractions\HprAbstractions.csproj", "{EE121AF5-823B-4037-94AC-FCF02A9657DF}"
EndProject
Project("{2150E333-8FDC-42A3-9474-1A3956D46DE8}") = "Docs", "Docs", "{E0923431-44A8-44C3-9026-C0189FCF1EAE}"
	ProjectSection(SolutionItems) = preProject
		docs\Office-365-ja-Azure-palveluiden-yhdistäminen.pptx = docs\Office-365-ja-Azure-palveluiden-yhdistäminen.pptx
	EndProjectSection
EndProject
Project("{FAE04EC0-301F-11D3-BF4B-00C04F79EFBC}") = "CognitiveServices", "CognitiveServices\CognitiveServices.csproj", "{F1D4475D-5245-4594-93EF-EAD29C44B8DA}"
EndProject
Project("{FAE04EC0-301F-11D3-BF4B-00C04F79EFBC}") = "MapServices", "MapServices\MapServices.csproj", "{6B01F1F2-CD1B-4238-BD59-AF0255B741A8}"
EndProject
Project("{FAE04EC0-301F-11D3-BF4B-00C04F79EFBC}") = "HprWeb", "HprWeb\HprWeb.csproj", "{B35ED950-331C-42D2-A886-777E8671D64C}"
EndProject
Global
	GlobalSection(SolutionConfigurationPlatforms) = preSolution
		Debug|Any CPU = Debug|Any CPU
		Debug|x64 = Debug|x64
		Debug|x86 = Debug|x86
		Release|Any CPU = Release|Any CPU
		Release|x64 = Release|x64
		Release|x86 = Release|x86
	EndGlobalSection
	GlobalSection(ProjectConfigurationPlatforms) = postSolution
		{3FAF77AF-967B-4ED5-A6F2-EDE755C00E1A}.Debug|Any CPU.ActiveCfg = Debug|Any CPU
		{3FAF77AF-967B-4ED5-A6F2-EDE755C00E1A}.Debug|Any CPU.Build.0 = Debug|Any CPU
		{3FAF77AF-967B-4ED5-A6F2-EDE755C00E1A}.Debug|x64.ActiveCfg = Debug|Any CPU
		{3FAF77AF-967B-4ED5-A6F2-EDE755C00E1A}.Debug|x64.Build.0 = Debug|Any CPU
		{3FAF77AF-967B-4ED5-A6F2-EDE755C00E1A}.Debug|x86.ActiveCfg = Debug|Any CPU
		{3FAF77AF-967B-4ED5-A6F2-EDE755C00E1A}.Debug|x86.Build.0 = Debug|Any CPU
		{3FAF77AF-967B-4ED5-A6F2-EDE755C00E1A}.Release|Any CPU.ActiveCfg = Release|Any CPU
		{3FAF77AF-967B-4ED5-A6F2-EDE755C00E1A}.Release|Any CPU.Build.0 = Release|Any CPU
		{3FAF77AF-967B-4ED5-A6F2-EDE755C00E1A}.Release|x64.ActiveCfg = Release|Any CPU
		{3FAF77AF-967B-4ED5-A6F2-EDE755C00E1A}.Release|x64.Build.0 = Release|Any CPU
		{3FAF77AF-967B-4ED5-A6F2-EDE755C00E1A}.Release|x86.ActiveCfg = Release|Any CPU
		{3FAF77AF-967B-4ED5-A6F2-EDE755C00E1A}.Release|x86.Build.0 = Release|Any CPU
		{7BEE3978-4D8F-4531-9C19-FEC7CCC38CCA}.Debug|Any CPU.ActiveCfg = Debug|Any CPU
		{7BEE3978-4D8F-4531-9C19-FEC7CCC38CCA}.Debug|Any CPU.Build.0 = Debug|Any CPU
		{7BEE3978-4D8F-4531-9C19-FEC7CCC38CCA}.Debug|x64.ActiveCfg = Debug|Any CPU
		{7BEE3978-4D8F-4531-9C19-FEC7CCC38CCA}.Debug|x64.Build.0 = Debug|Any CPU
		{7BEE3978-4D8F-4531-9C19-FEC7CCC38CCA}.Debug|x86.ActiveCfg = Debug|Any CPU
		{7BEE3978-4D8F-4531-9C19-FEC7CCC38CCA}.Debug|x86.Build.0 = Debug|Any CPU
		{7BEE3978-4D8F-4531-9C19-FEC7CCC38CCA}.Release|Any CPU.ActiveCfg = Release|Any CPU
		{7BEE3978-4D8F-4531-9C19-FEC7CCC38CCA}.Release|Any CPU.Build.0 = Release|Any CPU
		{7BEE3978-4D8F-4531-9C19-FEC7CCC38CCA}.Release|x64.ActiveCfg = Release|Any CPU
		{7BEE3978-4D8F-4531-9C19-FEC7CCC38CCA}.Release|x64.Build.0 = Release|Any CPU
		{7BEE3978-4D8F-4531-9C19-FEC7CCC38CCA}.Release|x86.ActiveCfg = Release|Any CPU
		{7BEE3978-4D8F-4531-9C19-FEC7CCC38CCA}.Release|x86.Build.0 = Release|Any CPU
		{EE121AF5-823B-4037-94AC-FCF02A9657DF}.Debug|Any CPU.ActiveCfg = Debug|Any CPU
		{EE121AF5-823B-4037-94AC-FCF02A9657DF}.Debug|Any CPU.Build.0 = Debug|Any CPU
		{EE121AF5-823B-4037-94AC-FCF02A9657DF}.Debug|x64.ActiveCfg = Debug|Any CPU
		{EE121AF5-823B-4037-94AC-FCF02A9657DF}.Debug|x64.Build.0 = Debug|Any CPU
		{EE121AF5-823B-4037-94AC-FCF02A9657DF}.Debug|x86.ActiveCfg = Debug|Any CPU
		{EE121AF5-823B-4037-94AC-FCF02A9657DF}.Debug|x86.Build.0 = Debug|Any CPU
		{EE121AF5-823B-4037-94AC-FCF02A9657DF}.Release|Any CPU.ActiveCfg = Release|Any CPU
		{EE121AF5-823B-4037-94AC-FCF02A9657DF}.Release|Any CPU.Build.0 = Release|Any CPU
		{EE121AF5-823B-4037-94AC-FCF02A9657DF}.Release|x64.ActiveCfg = Release|Any CPU
		{EE121AF5-823B-4037-94AC-FCF02A9657DF}.Release|x64.Build.0 = Release|Any CPU
		{EE121AF5-823B-4037-94AC-FCF02A9657DF}.Release|x86.ActiveCfg = Release|Any CPU
		{EE121AF5-823B-4037-94AC-FCF02A9657DF}.Release|x86.Build.0 = Release|Any CPU
		{F1D4475D-5245-4594-93EF-EAD29C44B8DA}.Debug|Any CPU.ActiveCfg = Debug|Any CPU
		{F1D4475D-5245-4594-93EF-EAD29C44B8DA}.Debug|Any CPU.Build.0 = Debug|Any CPU
		{F1D4475D-5245-4594-93EF-EAD29C44B8DA}.Debug|x64.ActiveCfg = Debug|Any CPU
		{F1D4475D-5245-4594-93EF-EAD29C44B8DA}.Debug|x64.Build.0 = Debug|Any CPU
		{F1D4475D-5245-4594-93EF-EAD29C44B8DA}.Debug|x86.ActiveCfg = Debug|Any CPU
		{F1D4475D-5245-4594-93EF-EAD29C44B8DA}.Debug|x86.Build.0 = Debug|Any CPU
		{F1D4475D-5245-4594-93EF-EAD29C44B8DA}.Release|Any CPU.ActiveCfg = Release|Any CPU
		{F1D4475D-5245-4594-93EF-EAD29C44B8DA}.Release|Any CPU.Build.0 = Release|Any CPU
		{F1D4475D-5245-4594-93EF-EAD29C44B8DA}.Release|x64.ActiveCfg = Release|Any CPU
		{F1D4475D-5245-4594-93EF-EAD29C44B8DA}.Release|x64.Build.0 = Release|Any CPU
		{F1D4475D-5245-4594-93EF-EAD29C44B8DA}.Release|x86.ActiveCfg = Release|Any CPU
		{F1D4475D-5245-4594-93EF-EAD29C44B8DA}.Release|x86.Build.0 = Release|Any CPU
		{6B01F1F2-CD1B-4238-BD59-AF0255B741A8}.Debug|Any CPU.ActiveCfg = Debug|Any CPU
		{6B01F1F2-CD1B-4238-BD59-AF0255B741A8}.Debug|Any CPU.Build.0 = Debug|Any CPU
		{6B01F1F2-CD1B-4238-BD59-AF0255B741A8}.Debug|x64.ActiveCfg = Debug|Any CPU
		{6B01F1F2-CD1B-4238-BD59-AF0255B741A8}.Debug|x64.Build.0 = Debug|Any CPU
		{6B01F1F2-CD1B-4238-BD59-AF0255B741A8}.Debug|x86.ActiveCfg = Debug|Any CPU
		{6B01F1F2-CD1B-4238-BD59-AF0255B741A8}.Debug|x86.Build.0 = Debug|Any CPU
		{6B01F1F2-CD1B-4238-BD59-AF0255B741A8}.Release|Any CPU.ActiveCfg = Release|Any CPU
		{6B01F1F2-CD1B-4238-BD59-AF0255B741A8}.Release|Any CPU.Build.0 = Release|Any CPU
		{6B01F1F2-CD1B-4238-BD59-AF0255B741A8}.Release|x64.ActiveCfg = Release|Any CPU
		{6B01F1F2-CD1B-4238-BD59-AF0255B741A8}.Release|x64.Build.0 = Release|Any CPU
		{6B01F1F2-CD1B-4238-BD59-AF0255B741A8}.Release|x86.ActiveCfg = Release|Any CPU
		{6B01F1F2-CD1B-4238-BD59-AF0255B741A8}.Release|x86.Build.0 = Release|Any CPU
		{B35ED950-331C-42D2-A886-777E8671D64C}.Debug|Any CPU.ActiveCfg = Debug|Any CPU
		{B35ED950-331C-42D2-A886-777E8671D64C}.Debug|Any CPU.Build.0 = Debug|Any CPU
		{B35ED950-331C-42D2-A886-777E8671D64C}.Debug|x64.ActiveCfg = Debug|Any CPU
		{B35ED950-331C-42D2-A886-777E8671D64C}.Debug|x64.Build.0 = Debug|Any CPU
		{B35ED950-331C-42D2-A886-777E8671D64C}.Debug|x86.ActiveCfg = Debug|Any CPU
		{B35ED950-331C-42D2-A886-777E8671D64C}.Debug|x86.Build.0 = Debug|Any CPU
		{B35ED950-331C-42D2-A886-777E8671D64C}.Release|Any CPU.ActiveCfg = Release|Any CPU
		{B35ED950-331C-42D2-A886-777E8671D64C}.Release|Any CPU.Build.0 = Release|Any CPU
		{B35ED950-331C-42D2-A886-777E8671D64C}.Release|x64.ActiveCfg = Release|Any CPU
		{B35ED950-331C-42D2-A886-777E8671D64C}.Release|x64.Build.0 = Release|Any CPU
		{B35ED950-331C-42D2-A886-777E8671D64C}.Release|x86.ActiveCfg = Release|Any CPU
		{B35ED950-331C-42D2-A886-777E8671D64C}.Release|x86.Build.0 = Release|Any CPU
	EndGlobalSection
	GlobalSection(SolutionProperties) = preSolution
		HideSolutionNode = FALSE
	EndGlobalSection
	GlobalSection(ExtensibilityGlobals) = postSolution
		SolutionGuid = {E4396047-24D4-4C67-9C63-0FDC6081B4AF}
	EndGlobalSection
EndGlobal
